
Microsoft Visual Studio Solution File, Format Version 12.00
# Visual Studio Version 16
VisualStudioVersion = 16.0.29424.173
MinimumVisualStudioVersion = 10.0.40219.1
Project("{FAE04EC0-301F-11D3-BF4B-00C04F79EFBC}") = "Floyd", "Floyd\Floyd.csproj", "{396BE596-3409-471F-A2FB-9BA98B8C6204}"
EndProject
Global
	GlobalSection(SolutionConfigurationPlatforms) = preSolution
		Debug|Any CPU = Debug|Any CPU
		Release|Any CPU = Release|Any CPU
	EndGlobalSection
	GlobalSection(ProjectConfigurationPlatforms) = postSolution
		{396BE596-3409-471F-A2FB-9BA98B8C6204}.Debug|Any CPU.ActiveCfg = Debug|Any CPU
		{396BE596-3409-471F-A2FB-9BA98B8C6204}.Debug|Any CPU.Build.0 = Debug|Any CPU
		{396BE596-3409-471F-A2FB-9BA98B8C6204}.Release|Any CPU.ActiveCfg = Release|Any CPU
		{396BE596-3409-471F-A2FB-9BA98B8C6204}.Release|Any CPU.Build.0 = Release|Any CPU
	EndGlobalSection
	GlobalSection(SolutionProperties) = preSolution
		HideSolutionNode = FALSE
	EndGlobalSection
	GlobalSection(ExtensibilityGlobals) = postSolution
		SolutionGuid = {0DE27A14-6067-49CD-8855-211BFE089019}
	EndGlobalSection
EndGlobal
